// !$*UTF8*$!
{
	archiveVersion = 1;
	classes = {
	};
	objectVersion = 56;
	objects = {

/* Begin PBXBuildFile section */
		A3A04F032A73AAE6007F0190 /* ShoppingAppApp.swift in Sources */ = {isa = PBXBuildFile; fileRef = A3A04F022A73AAE6007F0190 /* ShoppingAppApp.swift */; };
		A3A04F052A73AAE6007F0190 /* ContentView.swift in Sources */ = {isa = PBXBuildFile; fileRef = A3A04F042A73AAE6007F0190 /* ContentView.swift */; };
		A3A04F072A73AAEB007F0190 /* Assets.xcassets in Resources */ = {isa = PBXBuildFile; fileRef = A3A04F062A73AAEB007F0190 /* Assets.xcassets */; };
		A3A04F0A2A73AAEB007F0190 /* Preview Assets.xcassets in Resources */ = {isa = PBXBuildFile; fileRef = A3A04F092A73AAEB007F0190 /* Preview Assets.xcassets */; };
		A3D534FE2A77E7D200148CCC /* OnBoardingScreenView.swift in Sources */ = {isa = PBXBuildFile; fileRef = A3D534FD2A77E7D200148CCC /* OnBoardingScreenView.swift */; };
		A3D535012A77E7FE00148CCC /* HomeScreen.swift in Sources */ = {isa = PBXBuildFile; fileRef = A3D535002A77E7FE00148CCC /* HomeScreen.swift */; };
		A3D535042A77EE5D00148CCC /* ImageData.swift in Sources */ = {isa = PBXBuildFile; fileRef = A3D535032A77EE5D00148CCC /* ImageData.swift */; };
		A3D535062A77EE6D00148CCC /* NearYouData.swift in Sources */ = {isa = PBXBuildFile; fileRef = A3D535052A77EE6D00148CCC /* NearYouData.swift */; };
		A3D535082A77F0F300148CCC /* FruitCardView.swift in Sources */ = {isa = PBXBuildFile; fileRef = A3D535072A77F0F300148CCC /* FruitCardView.swift */; };
		A3D5350A2A77F73100148CCC /* DetailsView.swift in Sources */ = {isa = PBXBuildFile; fileRef = A3D535092A77F73100148CCC /* DetailsView.swift */; };
		A3D5350C2A77F77000148CCC /* TopSellingView.swift in Sources */ = {isa = PBXBuildFile; fileRef = A3D5350B2A77F77000148CCC /* TopSellingView.swift */; };
		A3D5350E2A78EFD100148CCC /* NearYouView.swift in Sources */ = {isa = PBXBuildFile; fileRef = A3D5350D2A78EFD100148CCC /* NearYouView.swift */; };
/* End PBXBuildFile section */

/* Begin PBXFileReference section */
		A3A04EFF2A73AAE6007F0190 /* ShoppingApp.app */ = {isa = PBXFileReference; explicitFileType = wrapper.application; includeInIndex = 0; path = ShoppingApp.app; sourceTree = BUILT_PRODUCTS_DIR; };
		A3A04F022A73AAE6007F0190 /* ShoppingAppApp.swift */ = {isa = PBXFileReference; lastKnownFileType = sourcecode.swift; path = ShoppingAppApp.swift; sourceTree = "<group>"; };
		A3A04F042A73AAE6007F0190 /* ContentView.swift */ = {isa = PBXFileReference; lastKnownFileType = sourcecode.swift; path = ContentView.swift; sourceTree = "<group>"; };
		A3A04F062A73AAEB007F0190 /* Assets.xcassets */ = {isa = PBXFileReference; lastKnownFileType = folder.assetcatalog; path = Assets.xcassets; sourceTree = "<group>"; };
		A3A04F092A73AAEB007F0190 /* Preview Assets.xcassets */ = {isa = PBXFileReference; lastKnownFileType = folder.assetcatalog; path = "Preview Assets.xcassets"; sourceTree = "<group>"; };
		A3D534FD2A77E7D200148CCC /* OnBoardingScreenView.swift */ = {isa = PBXFileReference; lastKnownFileType = sourcecode.swift; path = OnBoardingScreenView.swift; sourceTree = "<group>"; };
		A3D535002A77E7FE00148CCC /* HomeScreen.swift */ = {isa = PBXFileReference; lastKnownFileType = sourcecode.swift; path = HomeScreen.swift; sourceTree = "<group>"; };
		A3D535032A77EE5D00148CCC /* ImageData.swift */ = {isa = PBXFileReference; lastKnownFileType = sourcecode.swift; path = ImageData.swift; sourceTree = "<group>"; };
		A3D535052A77EE6D00148CCC /* NearYouData.swift */ = {isa = PBXFileReference; lastKnownFileType = sourcecode.swift; path = NearYouData.swift; sourceTree = "<group>"; };
		A3D535072A77F0F300148CCC /* FruitCardView.swift */ = {isa = PBXFileReference; lastKnownFileType = sourcecode.swift; path = FruitCardView.swift; sourceTree = "<group>"; };
		A3D535092A77F73100148CCC /* DetailsView.swift */ = {isa = PBXFileReference; lastKnownFileType = sourcecode.swift; path = DetailsView.swift; sourceTree = "<group>"; };
		A3D5350B2A77F77000148CCC /* TopSellingView.swift */ = {isa = PBXFileReference; lastKnownFileType = sourcecode.swift; path = TopSellingView.swift; sourceTree = "<group>"; };
		A3D5350D2A78EFD100148CCC /* NearYouView.swift */ = {isa = PBXFileReference; lastKnownFileType = sourcecode.swift; path = NearYouView.swift; sourceTree = "<group>"; };
/* End PBXFileReference section */

/* Begin PBXFrameworksBuildPhase section */
		A3A04EFC2A73AAE6007F0190 /* Frameworks */ = {
			isa = PBXFrameworksBuildPhase;
			buildActionMask = 2147483647;
			files = (
			);
			runOnlyForDeploymentPostprocessing = 0;
		};
/* End PBXFrameworksBuildPhase section */

/* Begin PBXGroup section */
		A3A04EF62A73AAE6007F0190 = {
			isa = PBXGroup;
			children = (
				A3A04F012A73AAE6007F0190 /* ShoppingApp */,
				A3A04F002A73AAE6007F0190 /* Products */,
			);
			sourceTree = "<group>";
		};
		A3A04F002A73AAE6007F0190 /* Products */ = {
			isa = PBXGroup;
			children = (
				A3A04EFF2A73AAE6007F0190 /* ShoppingApp.app */,
			);
			name = Products;
			sourceTree = "<group>";
		};
		A3A04F012A73AAE6007F0190 /* ShoppingApp */ = {
			isa = PBXGroup;
			children = (
				A3D535022A77EE4200148CCC /* Model */,
				A3D534FF2A77E7E600148CCC /* HomeScreenView */,
				A3A04F022A73AAE6007F0190 /* ShoppingAppApp.swift */,
				A3A04F042A73AAE6007F0190 /* ContentView.swift */,
				A3A04F062A73AAEB007F0190 /* Assets.xcassets */,
				A3A04F082A73AAEB007F0190 /* Preview Content */,
				A3D534FD2A77E7D200148CCC /* OnBoardingScreenView.swift */,
			);
			path = ShoppingApp;
			sourceTree = "<group>";
		};
		A3A04F082A73AAEB007F0190 /* Preview Content */ = {
			isa = PBXGroup;
			children = (
				A3A04F092A73AAEB007F0190 /* Preview Assets.xcassets */,
			);
			path = "Preview Content";
			sourceTree = "<group>";
		};
		A3D534FF2A77E7E600148CCC /* HomeScreenView */ = {
			isa = PBXGroup;
			children = (
				A3D535002A77E7FE00148CCC /* HomeScreen.swift */,
				A3D535072A77F0F300148CCC /* FruitCardView.swift */,
				A3D535092A77F73100148CCC /* DetailsView.swift */,
				A3D5350B2A77F77000148CCC /* TopSellingView.swift */,
				A3D5350D2A78EFD100148CCC /* NearYouView.swift */,
			);
			path = HomeScreenView;
			sourceTree = "<group>";
		};
		A3D535022A77EE4200148CCC /* Model */ = {
			isa = PBXGroup;
			children = (
				A3D535032A77EE5D00148CCC /* ImageData.swift */,
				A3D535052A77EE6D00148CCC /* NearYouData.swift */,
			);
			path = Model;
			sourceTree = "<group>";
		};
/* End PBXGroup section */

/* Begin PBXNativeTarget section */
		A3A04EFE2A73AAE6007F0190 /* ShoppingApp */ = {
			isa = PBXNativeTarget;
			buildConfigurationList = A3A04F0D2A73AAEB007F0190 /* Build configuration list for PBXNativeTarget "ShoppingApp" */;
			buildPhases = (
				A3A04EFB2A73AAE6007F0190 /* Sources */,
				A3A04EFC2A73AAE6007F0190 /* Frameworks */,
				A3A04EFD2A73AAE6007F0190 /* Resources */,
			);
			buildRules = (
			);
			dependencies = (
			);
			name = ShoppingApp;
			productName = ShoppingApp;
			productReference = A3A04EFF2A73AAE6007F0190 /* ShoppingApp.app */;
			productType = "com.apple.product-type.application";
		};
/* End PBXNativeTarget section */

/* Begin PBXProject section */
		A3A04EF72A73AAE6007F0190 /* Project object */ = {
			isa = PBXProject;
			attributes = {
				BuildIndependentTargetsInParallel = 1;
				LastSwiftUpdateCheck = 1420;
				LastUpgradeCheck = 1420;
				TargetAttributes = {
					A3A04EFE2A73AAE6007F0190 = {
						CreatedOnToolsVersion = 14.2;
					};
				};
			};
			buildConfigurationList = A3A04EFA2A73AAE6007F0190 /* Build configuration list for PBXProject "ShoppingApp" */;
			compatibilityVersion = "Xcode 14.0";
			developmentRegion = en;
			hasScannedForEncodings = 0;
			knownRegions = (
				en,
				Base,
			);
			mainGroup = A3A04EF62A73AAE6007F0190;
			productRefGroup = A3A04F002A73AAE6007F0190 /* Products */;
			projectDirPath = "";
			projectRoot = "";
			targets = (
				A3A04EFE2A73AAE6007F0190 /* ShoppingApp */,
			);
		};
/* End PBXProject section */

/* Begin PBXResourcesBuildPhase section */
		A3A04EFD2A73AAE6007F0190 /* Resources */ = {
			isa = PBXResourcesBuildPhase;
			buildActionMask = 2147483647;
			files = (
				A3A04F0A2A73AAEB007F0190 /* Preview Assets.xcassets in Resources */,
				A3A04F072A73AAEB007F0190 /* Assets.xcassets in Resources */,
			);
			runOnlyForDeploymentPostprocessing = 0;
		};
/* End PBXResourcesBuildPhase section */

/* Begin PBXSourcesBuildPhase section */
		A3A04EFB2A73AAE6007F0190 /* Sources */ = {
			isa = PBXSourcesBuildPhase;
			buildActionMask = 2147483647;
			files = (
				A3D535012A77E7FE00148CCC /* HomeScreen.swift in Sources */,
				A3D535062A77EE6D00148CCC /* NearYouData.swift in Sources */,
				A3D5350C2A77F77000148CCC /* TopSellingView.swift in Sources */,
				A3D534FE2A77E7D200148CCC /* OnBoardingScreenView.swift in Sources */,
				A3A04F052A73AAE6007F0190 /* ContentView.swift in Sources */,
				A3D535082A77F0F300148CCC /* FruitCardView.swift in Sources */,
				A3D5350E2A78EFD100148CCC /* NearYouView.swift in Sources */,
				A3D5350A2A77F73100148CCC /* DetailsView.swift in Sources */,
				A3D535042A77EE5D00148CCC /* ImageData.swift in Sources */,
				A3A04F032A73AAE6007F0190 /* ShoppingAppApp.swift in Sources */,
			);
			runOnlyForDeploymentPostprocessing = 0;
		};
/* End PBXSourcesBuildPhase section */

/* Begin XCBuildConfiguration section */
		A3A04F0B2A73AAEB007F0190 /* Debug */ = {
			isa = XCBuildConfiguration;
			buildSettings = {
				ALWAYS_SEARCH_USER_PATHS = NO;
				CLANG_ANALYZER_NONNULL = YES;
				CLANG_ANALYZER_NUMBER_OBJECT_CONVERSION = YES_AGGRESSIVE;
				CLANG_CXX_LANGUAGE_STANDARD = "gnu++20";
				CLANG_ENABLE_MODULES = YES;
				CLANG_ENABLE_OBJC_ARC = YES;
				CLANG_ENABLE_OBJC_WEAK = YES;
				CLANG_WARN_BLOCK_CAPTURE_AUTORELEASING = YES;
				CLANG_WARN_BOOL_CONVERSION = YES;
				CLANG_WARN_COMMA = YES;
				CLANG_WARN_CONSTANT_CONVERSION = YES;
				CLANG_WARN_DEPRECATED_OBJC_IMPLEMENTATIONS = YES;
				CLANG_WARN_DIRECT_OBJC_ISA_USAGE = YES_ERROR;
				CLANG_WARN_DOCUMENTATION_COMMENTS = YES;
				CLANG_WARN_EMPTY_BODY = YES;
				CLANG_WARN_ENUM_CONVERSION = YES;
				CLANG_WARN_INFINITE_RECURSION = YES;
				CLANG_WARN_INT_CONVERSION = YES;
				CLANG_WARN_NON_LITERAL_NULL_CONVERSION = YES;
				CLANG_WARN_OBJC_IMPLICIT_RETAIN_SELF = YES;
				CLANG_WARN_OBJC_LITERAL_CONVERSION = YES;
				CLANG_WARN_OBJC_ROOT_CLASS = YES_ERROR;
				CLANG_WARN_QUOTED_INCLUDE_IN_FRAMEWORK_HEADER = YES;
				CLANG_WARN_RANGE_LOOP_ANALYSIS = YES;
				CLANG_WARN_STRICT_PROTOTYPES = YES;
				CLANG_WARN_SUSPICIOUS_MOVE = YES;
				CLANG_WARN_UNGUARDED_AVAILABILITY = YES_AGGRESSIVE;
				CLANG_WARN_UNREACHABLE_CODE = YES;
				CLANG_WARN__DUPLICATE_METHOD_MATCH = YES;
				COPY_PHASE_STRIP = NO;
				DEBUG_INFORMATION_FORMAT = dwarf;
				ENABLE_STRICT_OBJC_MSGSEND = YES;
				ENABLE_TESTABILITY = YES;
				GCC_C_LANGUAGE_STANDARD = gnu11;
				GCC_DYNAMIC_NO_PIC = NO;
				GCC_NO_COMMON_BLOCKS = YES;
				GCC_OPTIMIZATION_LEVEL = 0;
				GCC_PREPROCESSOR_DEFINITIONS = (
					"DEBUG=1",
					"$(inherited)",
				);
				GCC_WARN_64_TO_32_BIT_CONVERSION = YES;
				GCC_WARN_ABOUT_RETURN_TYPE = YES_ERROR;
				GCC_WARN_UNDECLARED_SELECTOR = YES;
				GCC_WARN_UNINITIALIZED_AUTOS = YES_AGGRESSIVE;
				GCC_WARN_UNUSED_FUNCTION = YES;
				GCC_WARN_UNUSED_VARIABLE = YES;
				IPHONEOS_DEPLOYMENT_TARGET = 16.2;
				MTL_ENABLE_DEBUG_INFO = INCLUDE_SOURCE;
				MTL_FAST_MATH = YES;
				ONLY_ACTIVE_ARCH = YES;
				SDKROOT = iphoneos;
				SWIFT_ACTIVE_COMPILATION_CONDITIONS = DEBUG;
				SWIFT_OPTIMIZATION_LEVEL = "-Onone";
			};
			name = Debug;
		};
		A3A04F0C2A73AAEB007F0190 /* Release */ = {
			isa = XCBuildConfiguration;
			buildSettings = {
				ALWAYS_SEARCH_USER_PATHS = NO;
				CLANG_ANALYZER_NONNULL = YES;
				CLANG_ANALYZER_NUMBER_OBJECT_CONVERSION = YES_AGGRESSIVE;
				CLANG_CXX_LANGUAGE_STANDARD = "gnu++20";
				CLANG_ENABLE_MODULES = YES;
				CLANG_ENABLE_OBJC_ARC = YES;
				CLANG_ENABLE_OBJC_WEAK = YES;
				CLANG_WARN_BLOCK_CAPTURE_AUTORELEASING = YES;
				CLANG_WARN_BOOL_CONVERSION = YES;
				CLANG_WARN_COMMA = YES;
				CLANG_WARN_CONSTANT_CONVERSION = YES;
				CLANG_WARN_DEPRECATED_OBJC_IMPLEMENTATIONS = YES;
				CLANG_WARN_DIRECT_OBJC_ISA_USAGE = YES_ERROR;
				CLANG_WARN_DOCUMENTATION_COMMENTS = YES;
				CLANG_WARN_EMPTY_BODY = YES;
				CLANG_WARN_ENUM_CONVERSION = YES;
				CLANG_WARN_INFINITE_RECURSION = YES;
				CLANG_WARN_INT_CONVERSION = YES;
				CLANG_WARN_NON_LITERAL_NULL_CONVERSION = YES;
				CLANG_WARN_OBJC_IMPLICIT_RETAIN_SELF = YES;
				CLANG_WARN_OBJC_LITERAL_CONVERSION = YES;
				CLANG_WARN_OBJC_ROOT_CLASS = YES_ERROR;
				CLANG_WARN_QUOTED_INCLUDE_IN_FRAMEWORK_HEADER = YES;
				CLANG_WARN_RANGE_LOOP_ANALYSIS = YES;
				CLANG_WARN_STRICT_PROTOTYPES = YES;
				CLANG_WARN_SUSPICIOUS_MOVE = YES;
				CLANG_WARN_UNGUARDED_AVAILABILITY = YES_AGGRESSIVE;
				CLANG_WARN_UNREACHABLE_CODE = YES;
				CLANG_WARN__DUPLICATE_METHOD_MATCH = YES;
				COPY_PHASE_STRIP = NO;
				DEBUG_INFORMATION_FORMAT = "dwarf-with-dsym";
				ENABLE_NS_ASSERTIONS = NO;
				ENABLE_STRICT_OBJC_MSGSEND = YES;
				GCC_C_LANGUAGE_STANDARD = gnu11;
				GCC_NO_COMMON_BLOCKS = YES;
				GCC_WARN_64_TO_32_BIT_CONVERSION = YES;
				GCC_WARN_ABOUT_RETURN_TYPE = YES_ERROR;
				GCC_WARN_UNDECLARED_SELECTOR = YES;
				GCC_WARN_UNINITIALIZED_AUTOS = YES_AGGRESSIVE;
				GCC_WARN_UNUSED_FUNCTION = YES;
				GCC_WARN_UNUSED_VARIABLE = YES;
				IPHONEOS_DEPLOYMENT_TARGET = 16.2;
				MTL_ENABLE_DEBUG_INFO = NO;
				MTL_FAST_MATH = YES;
				SDKROOT = iphoneos;
				SWIFT_COMPILATION_MODE = wholemodule;
				SWIFT_OPTIMIZATION_LEVEL = "-O";
				VALIDATE_PRODUCT = YES;
			};
			name = Release;
		};
		A3A04F0E2A73AAEB007F0190 /* Debug */ = {
			isa = XCBuildConfiguration;
			buildSettings = {
				ASSETCATALOG_COMPILER_APPICON_NAME = AppIcon;
				ASSETCATALOG_COMPILER_GLOBAL_ACCENT_COLOR_NAME = AccentColor;
				CODE_SIGN_STYLE = Automatic;
				CURRENT_PROJECT_VERSION = 1;
				DEVELOPMENT_ASSET_PATHS = "\"ShoppingApp/Preview Content\"";
				DEVELOPMENT_TEAM = 6DLYAQP65H;
				ENABLE_PREVIEWS = YES;
				GENERATE_INFOPLIST_FILE = YES;
				INFOPLIST_KEY_UIApplicationSceneManifest_Generation = YES;
				INFOPLIST_KEY_UIApplicationSupportsIndirectInputEvents = YES;
				INFOPLIST_KEY_UILaunchScreen_Generation = YES;
				INFOPLIST_KEY_UISupportedInterfaceOrientations_iPad = "UIInterfaceOrientationPortrait UIInterfaceOrientationPortraitUpsideDown UIInterfaceOrientationLandscapeLeft UIInterfaceOrientationLandscapeRight";
				INFOPLIST_KEY_UISupportedInterfaceOrientations_iPhone = "UIInterfaceOrientationPortrait UIInterfaceOrientationLandscapeLeft UIInterfaceOrientationLandscapeRight";
				LD_RUNPATH_SEARCH_PATHS = (
					"$(inherited)",
					"@executable_path/Frameworks",
				);
				MARKETING_VERSION = 1.0;
				PRODUCT_BUNDLE_IDENTIFIER = com.nademvit.ShoppingApp;
				PRODUCT_NAME = "$(TARGET_NAME)";
				SWIFT_EMIT_LOC_STRINGS = YES;
				SWIFT_VERSION = 5.0;
				TARGETED_DEVICE_FAMILY = "1,2";
			};
			name = Debug;
		};
		A3A04F0F2A73AAEB007F0190 /* Release */ = {
			isa = XCBuildConfiguration;
			buildSettings = {
				ASSETCATALOG_COMPILER_APPICON_NAME = AppIcon;
				ASSETCATALOG_COMPILER_GLOBAL_ACCENT_COLOR_NAME = AccentColor;
				CODE_SIGN_STYLE = Automatic;
				CURRENT_PROJECT_VERSION = 1;
				DEVELOPMENT_ASSET_PATHS = "\"ShoppingApp/Preview Content\"";
				DEVELOPMENT_TEAM = 6DLYAQP65H;
				ENABLE_PREVIEWS = YES;
				GENERATE_INFOPLIST_FILE = YES;
				INFOPLIST_KEY_UIApplicationSceneManifest_Generation = YES;
				INFOPLIST_KEY_UIApplicationSupportsIndirectInputEvents = YES;
				INFOPLIST_KEY_UILaunchScreen_Generation = YES;
				INFOPLIST_KEY_UISupportedInterfaceOrientations_iPad = "UIInterfaceOrientationPortrait UIInterfaceOrientationPortraitUpsideDown UIInterfaceOrientationLandscapeLeft UIInterfaceOrientationLandscapeRight";
				INFOPLIST_KEY_UISupportedInterfaceOrientations_iPhone = "UIInterfaceOrientationPortrait UIInterfaceOrientationLandscapeLeft UIInterfaceOrientationLandscapeRight";
				LD_RUNPATH_SEARCH_PATHS = (
					"$(inherited)",
					"@executable_path/Frameworks",
				);
				MARKETING_VERSION = 1.0;
				PRODUCT_BUNDLE_IDENTIFIER = com.nademvit.ShoppingApp;
				PRODUCT_NAME = "$(TARGET_NAME)";
				SWIFT_EMIT_LOC_STRINGS = YES;
				SWIFT_VERSION = 5.0;
				TARGETED_DEVICE_FAMILY = "1,2";
			};
			name = Release;
		};
/* End XCBuildConfiguration section */

/* Begin XCConfigurationList section */
		A3A04EFA2A73AAE6007F0190 /* Build configuration list for PBXProject "ShoppingApp" */ = {
			isa = XCConfigurationList;
			buildConfigurations = (
				A3A04F0B2A73AAEB007F0190 /* Debug */,
				A3A04F0C2A73AAEB007F0190 /* Release */,
			);
			defaultConfigurationIsVisible = 0;
			defaultConfigurationName = Release;
		};
		A3A04F0D2A73AAEB007F0190 /* Build configuration list for PBXNativeTarget "ShoppingApp" */ = {
			isa = XCConfigurationList;
			buildConfigurations = (
				A3A04F0E2A73AAEB007F0190 /* Debug */,
				A3A04F0F2A73AAEB007F0190 /* Release */,
			);
			defaultConfigurationIsVisible = 0;
			defaultConfigurationName = Release;
		};
/* End XCConfigurationList section */
	};
	rootObject = A3A04EF72A73AAE6007F0190 /* Project object */;
}
